
Microsoft Visual Studio Solution File, Format Version 12.00
# Visual Studio 14
VisualStudioVersion = 14.0.24720.0
MinimumVisualStudioVersion = 10.0.40219.1
Project("{FAE04EC0-301F-11D3-BF4B-00C04F79EFBC}") = "VideoRent", "VideoRent\VideoRent.csproj", "{D83278BC-E21B-49CF-BAF9-226F48503D94}"
EndProject
Project("{FAE04EC0-301F-11D3-BF4B-00C04F79EFBC}") = "VideoRentDAL", "VideoRentDAL\VideoRentDAL.csproj", "{B90CDFB5-F193-4647-95C5-3130D434F039}"
EndProject
Project("{FAE04EC0-301F-11D3-BF4B-00C04F79EFBC}") = "VideoRentBL", "VideoRentBL\VideoRentBL.csproj", "{15D721A2-738B-48E9-9F50-507B8B4853F4}"
EndProject
Global
	GlobalSection(SolutionConfigurationPlatforms) = preSolution
		Debug|Any CPU = Debug|Any CPU
		Release|Any CPU = Release|Any CPU
	EndGlobalSection
	GlobalSection(ProjectConfigurationPlatforms) = postSolution
		{D83278BC-E21B-49CF-BAF9-226F48503D94}.Debug|Any CPU.ActiveCfg = Debug|Any CPU
		{D83278BC-E21B-49CF-BAF9-226F48503D94}.Debug|Any CPU.Build.0 = Debug|Any CPU
		{D83278BC-E21B-49CF-BAF9-226F48503D94}.Release|Any CPU.ActiveCfg = Release|Any CPU
		{D83278BC-E21B-49CF-BAF9-226F48503D94}.Release|Any CPU.Build.0 = Release|Any CPU
		{B90CDFB5-F193-4647-95C5-3130D434F039}.Debug|Any CPU.ActiveCfg = Debug|Any CPU
		{B90CDFB5-F193-4647-95C5-3130D434F039}.Debug|Any CPU.Build.0 = Debug|Any CPU
		{B90CDFB5-F193-4647-95C5-3130D434F039}.Release|Any CPU.ActiveCfg = Release|Any CPU
		{B90CDFB5-F193-4647-95C5-3130D434F039}.Release|Any CPU.Build.0 = Release|Any CPU
		{15D721A2-738B-48E9-9F50-507B8B4853F4}.Debug|Any CPU.ActiveCfg = Debug|Any CPU
		{15D721A2-738B-48E9-9F50-507B8B4853F4}.Debug|Any CPU.Build.0 = Debug|Any CPU
		{15D721A2-738B-48E9-9F50-507B8B4853F4}.Release|Any CPU.ActiveCfg = Release|Any CPU
		{15D721A2-738B-48E9-9F50-507B8B4853F4}.Release|Any CPU.Build.0 = Release|Any CPU
	EndGlobalSection
	GlobalSection(SolutionProperties) = preSolution
		HideSolutionNode = FALSE
	EndGlobalSection
EndGlobal
